# This file is automatically @generated by Cargo.
# It is not intended for manual editing.
version = 4

[[package]]
name = "phoenix-capture"
version = "0.1.0"
dependencies = [
 "phoenix-core",
 "tmux-control",
]

[[package]]
name = "phoenix-cli"
version = "0.1.0"
dependencies = [
 "phoenix-capture",
 "phoenix-core",
 "phoenix-store",
 "tmux-control",
]

[[package]]
name = "phoenix-core"
version = "0.1.0"

[[package]]
name = "phoenix-store"
version = "0.1.0"
dependencies = [
 "phoenix-core",
]

[[package]]
name = "tmux-control"
version = "0.1.0"
